// !$*UTF8*$!
{
	archiveVersion = 1;
	classes = {
	};
	objectVersion = 46;
	objects = {

/* Begin PBXBuildFile section */
		3ED4A747B7470593FDAF16E0 /* SIPNICManager.swift in Sources */ = {isa = PBXBuildFile; fileRef = 3ED4A574925170B661B21BEF /* SIPNICManager.swift */; };
		3ED4A8ACF2D81C884EAFC30A /* CallManager.swift in Sources */ = {isa = PBXBuildFile; fileRef = 3ED4A71B504772124C9870E0 /* CallManager.swift */; };
		3ED4AA6E2661648E0D1A21D8 /* CodecManager.swift in Sources */ = {isa = PBXBuildFile; fileRef = 3ED4A30A86E428B9B27D5D42 /* CodecManager.swift */; };
		5A682A1EBC46CEAA5A34F4E2 /* Types.swift in Sources */ = {isa = PBXBuildFile; fileRef = 5A6823D8DD49B540F529FD06 /* Types.swift */; };
		7004733B1E661AE500940807 /* BeamSIPKit.framework in Frameworks */ = {isa = PBXBuildFile; fileRef = 700473311E661AE500940807 /* BeamSIPKit.framework */; };
		700473401E661AE500940807 /* BeamSIPKitTests.swift in Sources */ = {isa = PBXBuildFile; fileRef = 7004733F1E661AE500940807 /* BeamSIPKitTests.swift */; };
		7004734D1E661B4200940807 /* PortSIPLib.framework in Frameworks */ = {isa = PBXBuildFile; fileRef = 7004734C1E661B4200940807 /* PortSIPLib.framework */; };
		7004734F1E661B5800940807 /* CoreAudio.framework in Frameworks */ = {isa = PBXBuildFile; fileRef = 7004734E1E661B5800940807 /* CoreAudio.framework */; };
		700473511E661B6100940807 /* VideoToolbox.framework in Frameworks */ = {isa = PBXBuildFile; fileRef = 700473501E661B6100940807 /* VideoToolbox.framework */; };
		700473531E661B6A00940807 /* libresolv.tbd in Frameworks */ = {isa = PBXBuildFile; fileRef = 700473521E661B6A00940807 /* libresolv.tbd */; };
		700473551E661B7300940807 /* libstdc++.6.tbd in Frameworks */ = {isa = PBXBuildFile; fileRef = 700473541E661B7300940807 /* libstdc++.6.tbd */; };
		700473571E661BB100940807 /* SIPService.swift in Sources */ = {isa = PBXBuildFile; fileRef = 700473561E661BB100940807 /* SIPService.swift */; };
		7053D3831E66D5A7003A7BB8 /* BeamSIPKit.h in Headers */ = {isa = PBXBuildFile; fileRef = 7053D3821E66D5A7003A7BB8 /* BeamSIPKit.h */; settings = {ATTRIBUTES = (Public, ); }; };
/* End PBXBuildFile section */

/* Begin PBXContainerItemProxy section */
		7004733C1E661AE500940807 /* PBXContainerItemProxy */ = {
			isa = PBXContainerItemProxy;
			containerPortal = 700473281E661AE500940807 /* Project object */;
			proxyType = 1;
			remoteGlobalIDString = 700473301E661AE500940807;
			remoteInfo = BeamSIPKit;
		};
/* End PBXContainerItemProxy section */

/* Begin PBXFileReference section */
		3ED4A30A86E428B9B27D5D42 /* CodecManager.swift */ = {isa = PBXFileReference; fileEncoding = 4; lastKnownFileType = sourcecode.swift; path = CodecManager.swift; sourceTree = "<group>"; };
		3ED4A574925170B661B21BEF /* SIPNICManager.swift */ = {isa = PBXFileReference; fileEncoding = 4; lastKnownFileType = sourcecode.swift; path = SIPNICManager.swift; sourceTree = "<group>"; };
		3ED4A71B504772124C9870E0 /* CallManager.swift */ = {isa = PBXFileReference; fileEncoding = 4; lastKnownFileType = sourcecode.swift; path = CallManager.swift; sourceTree = "<group>"; };
		5A6823D8DD49B540F529FD06 /* Types.swift */ = {isa = PBXFileReference; fileEncoding = 4; lastKnownFileType = sourcecode.swift; path = Types.swift; sourceTree = "<group>"; };
		700473311E661AE500940807 /* BeamSIPKit.framework */ = {isa = PBXFileReference; explicitFileType = wrapper.framework; includeInIndex = 0; path = BeamSIPKit.framework; sourceTree = BUILT_PRODUCTS_DIR; };
		700473351E661AE500940807 /* Info.plist */ = {isa = PBXFileReference; lastKnownFileType = text.plist.xml; path = Info.plist; sourceTree = "<group>"; };
		7004733A1E661AE500940807 /* BeamSIPKitTests.xctest */ = {isa = PBXFileReference; explicitFileType = wrapper.cfbundle; includeInIndex = 0; path = BeamSIPKitTests.xctest; sourceTree = BUILT_PRODUCTS_DIR; };
		7004733F1E661AE500940807 /* BeamSIPKitTests.swift */ = {isa = PBXFileReference; lastKnownFileType = sourcecode.swift; path = BeamSIPKitTests.swift; sourceTree = "<group>"; };
		700473411E661AE500940807 /* Info.plist */ = {isa = PBXFileReference; lastKnownFileType = text.plist.xml; path = Info.plist; sourceTree = "<group>"; };
		7004734C1E661B4200940807 /* PortSIPLib.framework */ = {isa = PBXFileReference; lastKnownFileType = wrapper.framework; name = PortSIPLib.framework; path = lib/PortSIPLib.framework; sourceTree = "<group>"; };
		7004734E1E661B5800940807 /* CoreAudio.framework */ = {isa = PBXFileReference; lastKnownFileType = wrapper.framework; name = CoreAudio.framework; path = System/Library/Frameworks/CoreAudio.framework; sourceTree = SDKROOT; };
		700473501E661B6100940807 /* VideoToolbox.framework */ = {isa = PBXFileReference; lastKnownFileType = wrapper.framework; name = VideoToolbox.framework; path = System/Library/Frameworks/VideoToolbox.framework; sourceTree = SDKROOT; };
		700473521E661B6A00940807 /* libresolv.tbd */ = {isa = PBXFileReference; lastKnownFileType = "sourcecode.text-based-dylib-definition"; name = libresolv.tbd; path = usr/lib/libresolv.tbd; sourceTree = SDKROOT; };
		700473541E661B7300940807 /* libstdc++.6.tbd */ = {isa = PBXFileReference; lastKnownFileType = "sourcecode.text-based-dylib-definition"; name = "libstdc++.6.tbd"; path = "usr/lib/libstdc++.6.tbd"; sourceTree = SDKROOT; };
		700473561E661BB100940807 /* SIPService.swift */ = {isa = PBXFileReference; fileEncoding = 4; lastKnownFileType = sourcecode.swift; path = SIPService.swift; sourceTree = "<group>"; };
		7053D3821E66D5A7003A7BB8 /* BeamSIPKit.h */ = {isa = PBXFileReference; fileEncoding = 4; lastKnownFileType = sourcecode.c.h; path = BeamSIPKit.h; sourceTree = "<group>"; };
/* End PBXFileReference section */

/* Begin PBXFrameworksBuildPhase section */
		7004732D1E661AE500940807 /* Frameworks */ = {
			isa = PBXFrameworksBuildPhase;
			buildActionMask = 2147483647;
			files = (
				700473551E661B7300940807 /* libstdc++.6.tbd in Frameworks */,
				700473531E661B6A00940807 /* libresolv.tbd in Frameworks */,
				700473511E661B6100940807 /* VideoToolbox.framework in Frameworks */,
				7004734F1E661B5800940807 /* CoreAudio.framework in Frameworks */,
				7004734D1E661B4200940807 /* PortSIPLib.framework in Frameworks */,
			);
			runOnlyForDeploymentPostprocessing = 0;
		};
		700473371E661AE500940807 /* Frameworks */ = {
			isa = PBXFrameworksBuildPhase;
			buildActionMask = 2147483647;
			files = (
				7004733B1E661AE500940807 /* BeamSIPKit.framework in Frameworks */,
			);
			runOnlyForDeploymentPostprocessing = 0;
		};
/* End PBXFrameworksBuildPhase section */

/* Begin PBXGroup section */
		700473271E661AE500940807 = {
			isa = PBXGroup;
			children = (
				700473331E661AE500940807 /* BeamSIPKit */,
				7004733E1E661AE500940807 /* BeamSIPKitTests */,
				700473321E661AE500940807 /* Products */,
				7004734B1E661B4200940807 /* Frameworks */,
			);
			sourceTree = "<group>";
		};
		700473321E661AE500940807 /* Products */ = {
			isa = PBXGroup;
			children = (
				700473311E661AE500940807 /* BeamSIPKit.framework */,
				7004733A1E661AE500940807 /* BeamSIPKitTests.xctest */,
			);
			name = Products;
			sourceTree = "<group>";
		};
		700473331E661AE500940807 /* BeamSIPKit */ = {
			isa = PBXGroup;
			children = (
				7053D3821E66D5A7003A7BB8 /* BeamSIPKit.h */,
				700473351E661AE500940807 /* Info.plist */,
				700473561E661BB100940807 /* SIPService.swift */,
				5A6823D8DD49B540F529FD06 /* Types.swift */,
				3ED4A30A86E428B9B27D5D42 /* CodecManager.swift */,
				3ED4A71B504772124C9870E0 /* CallManager.swift */,
				3ED4A574925170B661B21BEF /* SIPNICManager.swift */,
			);
			path = BeamSIPKit;
			sourceTree = "<group>";
		};
		7004733E1E661AE500940807 /* BeamSIPKitTests */ = {
			isa = PBXGroup;
			children = (
				7004733F1E661AE500940807 /* BeamSIPKitTests.swift */,
				700473411E661AE500940807 /* Info.plist */,
			);
			path = BeamSIPKitTests;
			sourceTree = "<group>";
		};
		7004734B1E661B4200940807 /* Frameworks */ = {
			isa = PBXGroup;
			children = (
				700473541E661B7300940807 /* libstdc++.6.tbd */,
				700473521E661B6A00940807 /* libresolv.tbd */,
				700473501E661B6100940807 /* VideoToolbox.framework */,
				7004734E1E661B5800940807 /* CoreAudio.framework */,
				7004734C1E661B4200940807 /* PortSIPLib.framework */,
			);
			name = Frameworks;
			sourceTree = "<group>";
		};
/* End PBXGroup section */

/* Begin PBXHeadersBuildPhase section */
		7004732E1E661AE500940807 /* Headers */ = {
			isa = PBXHeadersBuildPhase;
			buildActionMask = 2147483647;
			files = (
				7053D3831E66D5A7003A7BB8 /* BeamSIPKit.h in Headers */,
			);
			runOnlyForDeploymentPostprocessing = 0;
		};
/* End PBXHeadersBuildPhase section */

/* Begin PBXNativeTarget section */
		700473301E661AE500940807 /* BeamSIPKit */ = {
			isa = PBXNativeTarget;
			buildConfigurationList = 700473451E661AE500940807 /* Build configuration list for PBXNativeTarget "BeamSIPKit" */;
			buildPhases = (
				7004732C1E661AE500940807 /* Sources */,
				7004732D1E661AE500940807 /* Frameworks */,
				7004732E1E661AE500940807 /* Headers */,
				7004732F1E661AE500940807 /* Resources */,
			);
			buildRules = (
			);
			dependencies = (
			);
			name = BeamSIPKit;
			productName = BeamSIPKit;
			productReference = 700473311E661AE500940807 /* BeamSIPKit.framework */;
			productType = "com.apple.product-type.framework";
		};
		700473391E661AE500940807 /* BeamSIPKitTests */ = {
			isa = PBXNativeTarget;
			buildConfigurationList = 700473481E661AE500940807 /* Build configuration list for PBXNativeTarget "BeamSIPKitTests" */;
			buildPhases = (
				700473361E661AE500940807 /* Sources */,
				700473371E661AE500940807 /* Frameworks */,
				700473381E661AE500940807 /* Resources */,
			);
			buildRules = (
			);
			dependencies = (
				7004733D1E661AE500940807 /* PBXTargetDependency */,
			);
			name = BeamSIPKitTests;
			productName = BeamSIPKitTests;
			productReference = 7004733A1E661AE500940807 /* BeamSIPKitTests.xctest */;
			productType = "com.apple.product-type.bundle.unit-test";
		};
/* End PBXNativeTarget section */

/* Begin PBXProject section */
		700473281E661AE500940807 /* Project object */ = {
			isa = PBXProject;
			attributes = {
				LastSwiftUpdateCheck = 0820;
				LastUpgradeCheck = 0820;
				ORGANIZATIONNAME = "Beam Communications";
				TargetAttributes = {
					700473301E661AE500940807 = {
						CreatedOnToolsVersion = 8.2.1;
						DevelopmentTeam = 337Z8P6WA4;
						LastSwiftMigration = 0820;
						ProvisioningStyle = Automatic;
					};
					700473391E661AE500940807 = {
						CreatedOnToolsVersion = 8.2.1;
						DevelopmentTeam = YWXH886EY3;
						ProvisioningStyle = Automatic;
					};
				};
			};
			buildConfigurationList = 7004732B1E661AE500940807 /* Build configuration list for PBXProject "BeamSIPKit" */;
			compatibilityVersion = "Xcode 3.2";
			developmentRegion = English;
			hasScannedForEncodings = 0;
			knownRegions = (
				en,
			);
			mainGroup = 700473271E661AE500940807;
			productRefGroup = 700473321E661AE500940807 /* Products */;
			projectDirPath = "";
			projectRoot = "";
			targets = (
				700473301E661AE500940807 /* BeamSIPKit */,
				700473391E661AE500940807 /* BeamSIPKitTests */,
			);
		};
/* End PBXProject section */

/* Begin PBXResourcesBuildPhase section */
		7004732F1E661AE500940807 /* Resources */ = {
			isa = PBXResourcesBuildPhase;
			buildActionMask = 2147483647;
			files = (
			);
			runOnlyForDeploymentPostprocessing = 0;
		};
		700473381E661AE500940807 /* Resources */ = {
			isa = PBXResourcesBuildPhase;
			buildActionMask = 2147483647;
			files = (
			);
			runOnlyForDeploymentPostprocessing = 0;
		};
/* End PBXResourcesBuildPhase section */

/* Begin PBXSourcesBuildPhase section */
		7004732C1E661AE500940807 /* Sources */ = {
			isa = PBXSourcesBuildPhase;
			buildActionMask = 2147483647;
			files = (
				700473571E661BB100940807 /* SIPService.swift in Sources */,
				5A682A1EBC46CEAA5A34F4E2 /* Types.swift in Sources */,
				3ED4AA6E2661648E0D1A21D8 /* CodecManager.swift in Sources */,
				3ED4A8ACF2D81C884EAFC30A /* CallManager.swift in Sources */,
				3ED4A747B7470593FDAF16E0 /* SIPNICManager.swift in Sources */,
			);
			runOnlyForDeploymentPostprocessing = 0;
		};
		700473361E661AE500940807 /* Sources */ = {
			isa = PBXSourcesBuildPhase;
			buildActionMask = 2147483647;
			files = (
				700473401E661AE500940807 /* BeamSIPKitTests.swift in Sources */,
			);
			runOnlyForDeploymentPostprocessing = 0;
		};
/* End PBXSourcesBuildPhase section */

/* Begin PBXTargetDependency section */
		7004733D1E661AE500940807 /* PBXTargetDependency */ = {
			isa = PBXTargetDependency;
			target = 700473301E661AE500940807 /* BeamSIPKit */;
			targetProxy = 7004733C1E661AE500940807 /* PBXContainerItemProxy */;
		};
/* End PBXTargetDependency section */

/* Begin XCBuildConfiguration section */
		700473431E661AE500940807 /* Debug */ = {
			isa = XCBuildConfiguration;
			buildSettings = {
				ALWAYS_SEARCH_USER_PATHS = NO;
				CLANG_ANALYZER_NONNULL = YES;
				CLANG_CXX_LANGUAGE_STANDARD = "gnu++0x";
				CLANG_CXX_LIBRARY = "libc++";
				CLANG_ENABLE_MODULES = YES;
				CLANG_ENABLE_OBJC_ARC = YES;
				CLANG_WARN_BOOL_CONVERSION = YES;
				CLANG_WARN_CONSTANT_CONVERSION = YES;
				CLANG_WARN_DIRECT_OBJC_ISA_USAGE = YES_ERROR;
				CLANG_WARN_DOCUMENTATION_COMMENTS = YES;
				CLANG_WARN_EMPTY_BODY = YES;
				CLANG_WARN_ENUM_CONVERSION = YES;
				CLANG_WARN_INFINITE_RECURSION = YES;
				CLANG_WARN_INT_CONVERSION = YES;
				CLANG_WARN_OBJC_ROOT_CLASS = YES_ERROR;
				CLANG_WARN_SUSPICIOUS_MOVE = YES;
				CLANG_WARN_UNREACHABLE_CODE = YES;
				CLANG_WARN__DUPLICATE_METHOD_MATCH = YES;
				"CODE_SIGN_IDENTITY[sdk=iphoneos*]" = "iPhone Developer";
				COPY_PHASE_STRIP = NO;
				CURRENT_PROJECT_VERSION = 1;
				DEBUG_INFORMATION_FORMAT = dwarf;
				ENABLE_STRICT_OBJC_MSGSEND = YES;
				ENABLE_TESTABILITY = YES;
				GCC_C_LANGUAGE_STANDARD = gnu99;
				GCC_DYNAMIC_NO_PIC = NO;
				GCC_NO_COMMON_BLOCKS = YES;
				GCC_OPTIMIZATION_LEVEL = 0;
				GCC_PREPROCESSOR_DEFINITIONS = (
					"DEBUG=1",
					"$(inherited)",
				);
				GCC_WARN_64_TO_32_BIT_CONVERSION = YES;
				GCC_WARN_ABOUT_RETURN_TYPE = YES_ERROR;
				GCC_WARN_UNDECLARED_SELECTOR = YES;
				GCC_WARN_UNINITIALIZED_AUTOS = YES_AGGRESSIVE;
				GCC_WARN_UNUSED_FUNCTION = YES;
				GCC_WARN_UNUSED_VARIABLE = YES;
				IPHONEOS_DEPLOYMENT_TARGET = 10.2;
				MTL_ENABLE_DEBUG_INFO = YES;
				ONLY_ACTIVE_ARCH = YES;
				SDKROOT = iphoneos;
				SWIFT_ACTIVE_COMPILATION_CONDITIONS = DEBUG;
				SWIFT_OPTIMIZATION_LEVEL = "-Onone";
				TARGETED_DEVICE_FAMILY = "1,2";
				VERSIONING_SYSTEM = "apple-generic";
				VERSION_INFO_PREFIX = "";
			};
			name = Debug;
		};
		700473441E661AE500940807 /* Release */ = {
			isa = XCBuildConfiguration;
			buildSettings = {
				ALWAYS_SEARCH_USER_PATHS = NO;
				CLANG_ANALYZER_NONNULL = YES;
				CLANG_CXX_LANGUAGE_STANDARD = "gnu++0x";
				CLANG_CXX_LIBRARY = "libc++";
				CLANG_ENABLE_MODULES = YES;
				CLANG_ENABLE_OBJC_ARC = YES;
				CLANG_WARN_BOOL_CONVERSION = YES;
				CLANG_WARN_CONSTANT_CONVERSION = YES;
				CLANG_WARN_DIRECT_OBJC_ISA_USAGE = YES_ERROR;
				CLANG_WARN_DOCUMENTATION_COMMENTS = YES;
				CLANG_WARN_EMPTY_BODY = YES;
				CLANG_WARN_ENUM_CONVERSION = YES;
				CLANG_WARN_INFINITE_RECURSION = YES;
				CLANG_WARN_INT_CONVERSION = YES;
				CLANG_WARN_OBJC_ROOT_CLASS = YES_ERROR;
				CLANG_WARN_SUSPICIOUS_MOVE = YES;
				CLANG_WARN_UNREACHABLE_CODE = YES;
				CLANG_WARN__DUPLICATE_METHOD_MATCH = YES;
				"CODE_SIGN_IDENTITY[sdk=iphoneos*]" = "iPhone Developer";
				COPY_PHASE_STRIP = NO;
				CURRENT_PROJECT_VERSION = 1;
				DEBUG_INFORMATION_FORMAT = "dwarf-with-dsym";
				ENABLE_NS_ASSERTIONS = NO;
				ENABLE_STRICT_OBJC_MSGSEND = YES;
				GCC_C_LANGUAGE_STANDARD = gnu99;
				GCC_NO_COMMON_BLOCKS = YES;
				GCC_WARN_64_TO_32_BIT_CONVERSION = YES;
				GCC_WARN_ABOUT_RETURN_TYPE = YES_ERROR;
				GCC_WARN_UNDECLARED_SELECTOR = YES;
				GCC_WARN_UNINITIALIZED_AUTOS = YES_AGGRESSIVE;
				GCC_WARN_UNUSED_FUNCTION = YES;
				GCC_WARN_UNUSED_VARIABLE = YES;
				IPHONEOS_DEPLOYMENT_TARGET = 10.2;
				MTL_ENABLE_DEBUG_INFO = NO;
				SDKROOT = iphoneos;
				SWIFT_OPTIMIZATION_LEVEL = "-Owholemodule";
				TARGETED_DEVICE_FAMILY = "1,2";
				VALIDATE_PRODUCT = YES;
				VERSIONING_SYSTEM = "apple-generic";
				VERSION_INFO_PREFIX = "";
			};
			name = Release;
		};
		700473461E661AE500940807 /* Debug */ = {
			isa = XCBuildConfiguration;
			buildSettings = {
				CLANG_ALLOW_NON_MODULAR_INCLUDES_IN_FRAMEWORK_MODULES = NO;
				CLANG_ENABLE_MODULES = YES;
				CODE_SIGN_IDENTITY = "";
				DEFINES_MODULE = YES;
				DEVELOPMENT_TEAM = 337Z8P6WA4;
				DYLIB_COMPATIBILITY_VERSION = 1;
				DYLIB_CURRENT_VERSION = 1;
				DYLIB_INSTALL_NAME_BASE = "@rpath";
				ENABLE_BITCODE = YES;
				FRAMEWORK_SEARCH_PATHS = (
					"$(inherited)",
					"$(PROJECT_DIR)/lib",
				);
				HEADER_SEARCH_PATHS = "lib/**";
				INFOPLIST_FILE = BeamSIPKit/Info.plist;
				INSTALL_PATH = "$(LOCAL_LIBRARY_DIR)/Frameworks";
				LD_RUNPATH_SEARCH_PATHS = "$(inherited) @executable_path/Frameworks @loader_path/Frameworks";
				PRODUCT_BUNDLE_IDENTIFIER = com.beamCommunications.BeamSIPKit;
				PRODUCT_NAME = "$(TARGET_NAME)";
				SKIP_INSTALL = YES;
				SWIFT_INCLUDE_PATHS = "$(SRCROOT)/PortSIPLib";
				SWIFT_OPTIMIZATION_LEVEL = "-Onone";
				SWIFT_VERSION = 3.0;
			};
			name = Debug;
		};
		700473471E661AE500940807 /* Release */ = {
			isa = XCBuildConfiguration;
			buildSettings = {
				CLANG_ALLOW_NON_MODULAR_INCLUDES_IN_FRAMEWORK_MODULES = NO;
				CLANG_ENABLE_MODULES = YES;
				CODE_SIGN_IDENTITY = "";
				DEFINES_MODULE = YES;
				DEVELOPMENT_TEAM = 337Z8P6WA4;
				DYLIB_COMPATIBILITY_VERSION = 1;
				DYLIB_CURRENT_VERSION = 1;
				DYLIB_INSTALL_NAME_BASE = "@rpath";
				ENABLE_BITCODE = YES;
				FRAMEWORK_SEARCH_PATHS = (
					"$(inherited)",
					"$(PROJECT_DIR)/lib",
				);
				HEADER_SEARCH_PATHS = "lib/**";
				INFOPLIST_FILE = BeamSIPKit/Info.plist;
				INSTALL_PATH = "$(LOCAL_LIBRARY_DIR)/Frameworks";
				LD_RUNPATH_SEARCH_PATHS = "$(inherited) @executable_path/Frameworks @loader_path/Frameworks";
				PRODUCT_BUNDLE_IDENTIFIER = com.beamCommunications.BeamSIPKit;
				PRODUCT_NAME = "$(TARGET_NAME)";
				SKIP_INSTALL = YES;
				SWIFT_INCLUDE_PATHS = "$(SRCROOT)/PortSIPLib";
				SWIFT_VERSION = 3.0;
			};
			name = Release;
		};
		700473491E661AE500940807 /* Debug */ = {
			isa = XCBuildConfiguration;
			buildSettings = {
				ALWAYS_EMBED_SWIFT_STANDARD_LIBRARIES = YES;
				DEVELOPMENT_TEAM = YWXH886EY3;
				INFOPLIST_FILE = BeamSIPKitTests/Info.plist;
				LD_RUNPATH_SEARCH_PATHS = "$(inherited) @executable_path/Frameworks @loader_path/Frameworks";
				PRODUCT_BUNDLE_IDENTIFIER = com.beamCommunications.BeamSIPKitTests;
				PRODUCT_NAME = "$(TARGET_NAME)";
				SWIFT_VERSION = 3.0;
			};
			name = Debug;
		};
		7004734A1E661AE500940807 /* Release */ = {
			isa = XCBuildConfiguration;
			buildSettings = {
				ALWAYS_EMBED_SWIFT_STANDARD_LIBRARIES = YES;
				DEVELOPMENT_TEAM = YWXH886EY3;
				INFOPLIST_FILE = BeamSIPKitTests/Info.plist;
				LD_RUNPATH_SEARCH_PATHS = "$(inherited) @executable_path/Frameworks @loader_path/Frameworks";
				PRODUCT_BUNDLE_IDENTIFIER = com.beamCommunications.BeamSIPKitTests;
				PRODUCT_NAME = "$(TARGET_NAME)";
				SWIFT_VERSION = 3.0;
			};
			name = Release;
		};
/* End XCBuildConfiguration section */

/* Begin XCConfigurationList section */
		7004732B1E661AE500940807 /* Build configuration list for PBXProject "BeamSIPKit" */ = {
			isa = XCConfigurationList;
			buildConfigurations = (
				700473431E661AE500940807 /* Debug */,
				700473441E661AE500940807 /* Release */,
			);
			defaultConfigurationIsVisible = 0;
			defaultConfigurationName = Release;
		};
		700473451E661AE500940807 /* Build configuration list for PBXNativeTarget "BeamSIPKit" */ = {
			isa = XCConfigurationList;
			buildConfigurations = (
				700473461E661AE500940807 /* Debug */,
				700473471E661AE500940807 /* Release */,
			);
			defaultConfigurationIsVisible = 0;
			defaultConfigurationName = Release;
		};
		700473481E661AE500940807 /* Build configuration list for PBXNativeTarget "BeamSIPKitTests" */ = {
			isa = XCConfigurationList;
			buildConfigurations = (
				700473491E661AE500940807 /* Debug */,
				7004734A1E661AE500940807 /* Release */,
			);
			defaultConfigurationIsVisible = 0;
			defaultConfigurationName = Release;
		};
/* End XCConfigurationList section */
	};
	rootObject = 700473281E661AE500940807 /* Project object */;
}
